github.com/PuerkitoBio/goquery v1.5.1/go.mod h1:GsLWisAFVj4WgDibEWF4pvYnkVQBpKBKeU+7zCJoLcc=
github.com/andybalholm/cascadia v1.1.0/go.mod h1:GsXiBklL0woXo1j/WYWtSYYC4ouU9PqHO0sqidkEA4Y=
github.com/aws/aws-sdk-go v1.40.39/go.mod h1:585smgzpB/KqRA+K3y/NL/oYRqQvpNJYvLm+LY1U59Q=
github.com/aws/aws-sdk-go v1.42.27 h1:kxsBXQg3ee6LLbqjp5/oUeDgG7TENFrWYDmEVnd7spU=
github.com/aws/aws-sdk-go v1.42.27/go.mod h1:OGr6lGMAKGlG9CVrYnWYDKIyb829c6EVBRjxqjmPepc=
github.com/aws/aws-sdk-go-v2 v1.16.3/go.mod h1:ytwTPBG6fXTZLxxeeCCWj2/EMYp/xDUgX+OET6TLNNU=
github.com/aws/aws-sdk-go-v2 v1.16.16 h1:M1fj4FE2lB4NzRb9Y0xdWsn2P0+2UHVxwKyOa4YJNjk=
github.com/aws/aws-sdk-go-v2 v1.16.16/go.mod h1:SwiyXi/1zTUZ6KIAmLK5V5ll8SiURNUYOqTerZPaF9k=
github.com/aws/aws-sdk-go-v2/aws/protocol/eventstream v1.4.1 h1:SdK4Ppk5IzLs64ZMvr6MrSficMtjY2oS0WOORXTlxwU=
github.com/aws/aws-sdk-go-v2/aws/protocol/eventstream v1.4.1/go.mod h1:n8Bs1ElDD2wJ9kCRTczA83gYbBmjSwZp3umc6zF4EeM=
github.com/aws/aws-sdk-go-v2/config v1.15.4 h1:P4mesY1hYUxru4f9SU0XxNKXmzfxsD0FtMIPRBjkH7Q=
github.com/aws/aws-sdk-go-v2/config v1.15.4/go.mod h1:ZijHHh0xd/A+ZY53az0qzC5tT46kt4JVCePf2NX9Lk4=
github.com/aws/aws-sdk-go-v2/credentials v1.12.0 h1:4R/NqlcRFSkR0wxOhgHi+agGpbEr5qMCjn7VqUIJY+E=
github.com/aws/aws-sdk-go-v2/credentials v1.12.0/go.mod h1:9YWk7VW+eyKsoIL6/CljkTrNVWBSK9pkqOPUuijid4A=
github.com/aws/aws-sdk-go-v2/feature/dynamodb/attributevalue v1.10.0 h1:bKbdstt7+PzIRSIXZ11Yo8Qh8t0AHn6jEYUfsbVcLjE=
github.com/aws/aws-sdk-go-v2/feature/dynamodb/attributevalue v1.10.0/go.mod h1:+CBJZMhsb1pTUcB/NTdS505bDX10xS4xnPMqDZj2Ptw=
github.com/aws/aws-sdk-go-v2/feature/ec2/imds v1.12.4 h1:FP8gquGeGHHdfY6G5llaMQDF+HAf20VKc8opRwmjf04=
github.com/aws/aws-sdk-go-v2/feature/ec2/imds v1.12.4/go.mod h1:u/s5/Z+ohUQOPXl00m2yJVyioWDECsbpXTQlaqSlufc=
github.com/aws/aws-sdk-go-v2/internal/configsources v1.1.10/go.mod h1:F+EZtuIwjlv35kRJPyBGcsA4f7bnSoz15zOQ2lJq1Z4=
github.com/aws/aws-sdk-go-v2/internal/configsources v1.1.23 h1:s4g/wnzMf+qepSNgTvaQQHNxyMLKSawNhKCPNy++2xY=
github.com/aws/aws-sdk-go-v2/internal/configsources v1.1.23/go.mod h1:2DFxAQ9pfIRy0imBCJv+vZ2X6RKxves6fbnEuSry6b4=
github.com/aws/aws-sdk-go-v2/internal/endpoints/v2 v2.4.4/go.mod h1:8glyUqVIM4AmeenIsPo0oVh3+NUwnsQml2OFupfQW+0=
github.com/aws/aws-sdk-go-v2/internal/endpoints/v2 v2.4.17 h1:/K482T5A3623WJgWT8w1yRAFK4RzGzEl7y39yhtn9eA=
github.com/aws/aws-sdk-go-v2/internal/endpoints/v2 v2.4.17/go.mod h1:pRwaTYCJemADaqCbUAxltMoHKata7hmB5PjEXeu0kfg=
github.com/aws/aws-sdk-go-v2/internal/ini v1.3.11 h1:6cZRymlLEIlDTEB0+5+An6Zj1CKt6rSE69tOmFeu1nk=
github.com/aws/aws-sdk-go-v2/internal/ini v1.3.11/go.mod h1:0MR+sS1b/yxsfAPvAESrw8NfwUoxMinDyw6EYR9BS2U=
github.com/aws/aws-sdk-go-v2/internal/v4a v1.0.1 h1:C21IDZCm9Yu5xqjb3fKmxDoYvJXtw1DNlOmLZEIlY1M=
github.com/aws/aws-sdk-go-v2/internal/v4a v1.0.1/go.mod h1:l/BbcfqDCT3hePawhy4ZRtewjtdkl6GWtd9/U+1penQ=
github.com/aws/aws-sdk-go-v2/service/dynamodb v1.17.1 h1:1QpTkQIAaZpR387it1L+erjB5bStGFCJRvmXsodpPEU=
github.com/aws/aws-sdk-go-v2/service/dynamodb v1.17.1/go.mod h1:BZhn/C3z13ULTSstVi2Kymc62bgjFh/JwLO9Tm2OFYI=
github.com/aws/aws-sdk-go-v2/service/dynamodbstreams v1.13.20 h1:V9q4A0qnUfDsfivspY1LQRQTOG3Y9FLHvXIaTbcU7XM=
github.com/aws/aws-sdk-go-v2/service/dynamodbstreams v1.13.20/go.mod h1:7qWU48SMzlrfOlNhHpazW3psFWlOIWrq4SmOr2/ESmk=
github.com/aws/aws-sdk-go-v2/service/internal/accept-encoding v1.9.1/go.mod h1:GeUru+8VzrTXV/83XyMJ80KpH8xO89VPoUileyNQ+tc=
github.com/aws/aws-sdk-go-v2/service/internal/accept-encoding v1.9.9 h1:Lh1AShsuIJTwMkoxVCAYPJgNG5H+eN6SmoUn8nOZ5wE=
github.com/aws/aws-sdk-go-v2/service/internal/accept-encoding v1.9.9/go.mod h1:a9j48l6yL5XINLHLcOKInjdvknN+vWqPBxqeIDw7ktw=
github.com/aws/aws-sdk-go-v2/service/internal/checksum v1.1.4 h1:HXy33+dHXT6WYvnAtIvcQ7Zh4ppeAccz8ofi5bzsQ/A=
github.com/aws/aws-sdk-go-v2/service/internal/checksum v1.1.4/go.mod h1:S8TVP66AAkMMdYYCNZGvrdEq9YRm+qLXjio4FqRnrEE=
github.com/aws/aws-sdk-go-v2/service/internal/endpoint-discovery v1.7.17 h1:o0Ia3nb56m8+8NvhbCDiSBiZRNUwIknVWobx5vks0Vk=
github.com/aws/aws-sdk-go-v2/service/internal/endpoint-discovery v1.7.17/go.mod h1:WJD9FbkwzM2a1bZ36ntH6+5Jc+x41Q4K2AcLeHDLAS8=
github.com/aws/aws-sdk-go-v2/service/internal/presigned-url v1.9.4 h1:b16QW0XWl0jWjLABFc1A+uh145Oqv+xDcObNk0iQgUk=
github.com/aws/aws-sdk-go-v2/service/internal/presigned-url v1.9.4/go.mod h1:uKkN7qmSIsNJVyMtxNQoCEYMvFEXbOg9fwCJPdfp2u8=
github.com/aws/aws-sdk-go-v2/service/internal/s3shared v1.13.4 h1:RE/DlZLYrz1OOmq8F28IXHLksuuvlpzUbvJ+SESCZBI=
github.com/aws/aws-sdk-go-v2/service/internal/s3shared v1.13.4/go.mod h1:oudbsSdDtazNj47z1ut1n37re9hDsKpk2ZI3v7KSxq0=
github.com/aws/aws-sdk-go-v2/service/s3 v1.26.6 h1:RyI53C9+8xxZ3zrllJwzZjI6/FePzxNv3pvh59Ir0aE=
github.com/aws/aws-sdk-go-v2/service/s3 v1.26.6/go.mod h1:FMXuMpmEOLQUDnQLMjsJ2jJGN7jpji1pQ59Kii+IM4U=
github.com/aws/aws-sdk-go-v2/service/sso v1.11.4 h1:Uw5wBybFQ1UeA9ts0Y07gbv0ncZnIAyw858tDW0NP2o=
github.com/aws/aws-sdk-go-v2/service/sso v1.11.4/go.mod h1:cPDwJwsP4Kff9mldCXAmddjJL6JGQqtA3Mzer2zyr88=
github.com/aws/aws-sdk-go-v2/service/sts v1.16.4 h1:+xtV90n3abQmgzk1pS++FdxZTrPEDgQng6e4/56WR2A=
github.com/aws/aws-sdk-go-v2/service/sts v1.16.4/go.mod h1:lfSYenAXtavyX2A1LsViglqlG9eEFYxNryTZS5rn3QE=
github.com/aws/smithy-go v1.11.2/go.mod h1:3xHYmszWVx2c0kIwQeEVf9uSm4fYZt67FBJnwub1bgM=
github.com/aws/smithy-go v1.13.3 h1:l7LYxGuzK6/K+NzJ2mC+VvLUbae0sL3bXU//04MkmnA=
github.com/aws/smithy-go v1.13.3/go.mod h1:Tg+OJXh4MB2R/uN61Ko2f6hTZwB/ZYGOtib8J3gBHzA=
github.com/davecgh/go-spew v1.1.0 h1:ZDRjVQ15GmhC3fiQ8ni8+OwkZQO4DARzQgrnXU1Liz8=
github.com/davecgh/go-spew v1.1.0/go.mod h1:J7Y8YcW2NihsgmVo/mv3lAwl/skON4iLHjSsI+c5H38=
github.com/denisenkom/go-mssqldb v0.0.0-20191124224453-732737034ffd/go.mod h1:xbL0rPBG9cCiLr28tMa8zpbdarY27NDyej4t/EjAShU=
github.com/erikstmartin/go-testdb v0.0.0-20160219214506-8d10e4a1bae5/go.mod h1:a2zkGnVExMxdzMo3M0Hi/3sEU+cWnZpSni0O6/Yb/P0=
github.com/go-sql-driver/mysql v1.5.0/go.mod h1:DCzpHaOWr8IXmIStZouvnhqoel9Qv2LBy8hT2VhHyBg=
github.com/golang-sql/civil v0.0.0-20190719163853-cb61b32ac6fe/go.mod h1:8vg3r2VgvsThLBIFL93Qb5yWzgyZWhEmBwUJWevAkK0=
github.com/google/go-cmp v0.5.7/go.mod h1:n+brtR0CgQNWTVd5ZUFpTBC8YFBDLK/h/bpaJ8/DtOE=
github.com/google/go-cmp v0.5.8 h1:e6P7q2lk1O+qJJb4BtCQXlK8vWEO8V1ZeuEdJNOqZyg=
github.com/google/go-cmp v0.5.8/go.mod h1:17dUlkBOakJ0+DkrSSNjCkIjxS6bF9zb3elmeNGIjoY=
github.com/jinzhu/gorm v1.9.16 h1:+IyIjPEABKRpsu/F8OvDPy9fyQlgsg2luMV2ZIH5i5o=
github.com/jinzhu/gorm v1.9.16/go.mod h1:G3LB3wezTOWM2ITLzPxEXgSkOXAntiLHS7UdBefADcs=
github.com/jinzhu/inflection v1.0.0/go.mod h1:h+uFLlag+Qp1Va5pdKtLDYj+kHp5pxUVkryuEj+Srlc=
github.com/jinzhu/now v1.0.1/go.mod h1:d3SSVoowX0Lcu0IBviAWJpolVfI5UJVZZ7cO71lE/z8=
github.com/jmespath/go-jmespath v0.4.0 h1:BEgLn5cpjn8UN1mAw4NjwDrS35OdebyEtFe+9YPoQUg=
github.com/jmespath/go-jmespath v0.4.0/go.mod h1:T8mJZnbsbmF+m6zOOFylbeCJqk5+pHWvzYPziyZiYoo=
github.com/jmespath/go-jmespath/internal/testify v1.5.1 h1:shLQSRRSCCPj3f2gpwzGwWFoC7ycTf1rcQZHOlsJ6N8=
github.com/jmespath/go-jmespath/internal/testify v1.5.1/go.mod h1:L3OGu8Wl2/fWfCI6z80xFu9LTZmf1ZRjMHUOPmWr69U=
github.com/lib/pq v1.1.1 h1:sJZmqHoEaY7f+NPP8pgLB/WxulyR3fewgCM2qaSlBb4=
github.com/lib/pq v1.1.1/go.mod h1:5WUZQaWbwv1U+lTReE5YruASi9Al49XbQIvNi/34Woo=
github.com/mattn/go-sqlite3 v1.14.0/go.mod h1:JIl7NbARA7phWnGvh0LKTyg7S9BA+6gx71ShQilpsus=
github.com/oklog/ulid/v2 v2.0.2 h1:r4fFzBm+bv0wNKNh5eXTwU7i85y5x+uwkxCUTNVQqLc=
github.com/oklog/ulid/v2 v2.0.2/go.mod h1:mtBL0Qe/0HAx6/a4Z30qxVIAL1eQDweXq5lxOEiwQ68=
github.com/opensearch-project/opensearch-go v1.1.0 h1:eG5sh3843bbU1itPRjA9QXbxcg8LaZ+DjEzQH9aLN3M=
github.com/opensearch-project/opensearch-go v1.1.0/go.mod h1:+6/XHCuTH+fwsMJikZEWsucZ4eZMma3zNSeLrTtVGbo=
github.com/pborman/getopt v0.0.0-20170112200414-7148bc3a4c30/go.mod h1:85jBQOZwpVEaDAr341tbn15RS4fCAsIst0qp7i8ex1o=
github.com/pkg/errors v0.9.1/go.mod h1:bwawxfHBFNV+L2hUp1rHADufV3IMtnDRdf1r5NINEl0=
github.com/pmezard/go-difflib v1.0.0 h1:4DBwDE0NGyQoBHbLQYPwSUPoCMWR5BEzIk/f1lZbAQM=
github.com/pmezard/go-difflib v1.0.0/go.mod h1:iKH77koFhYxTK1pcRnkKkqfTogsbg7gZNVY4sRDYZ/4=
github.com/sendgrid/rest v2.6.4+incompatible h1:lq6gAQxLwVBf3mVyCCSHI6mgF+NfaJFJHjT0kl6SSo8=
github.com/sendgrid/rest v2.6.4+incompatible/go.mod h1:kXX7q3jZtJXK5c5qK83bSGMdV6tsOE70KbHoqJls4lE=
github.com/sendgrid/sendgrid-go v3.10.0+incompatible h1:aSYyurHxEZSDy7kxhvZ4fH0inNkEEmRssZNbAmETR2c=
github.com/sendgrid/sendgrid-go v3.10.0+incompatible/go.mod h1:QRQt+LX/NmgVEvmdRw0VT/QgUn499+iza2FnDca9fg8=
github.com/stretchr/objx v0.1.0/go.mod h1:HFkY916IF+rwdDfMAkV7OtwuqBVzrE8GR6GFx+wExME=
github.com/stretchr/testify v1.7.0 h1:nwc3DEeHmmLAfoZucVR881uASk0Mfjw8xYJ99tb5CcY=
github.com/stretchr/testify v1.7.0/go.mod h1:6Fq8oRcR53rry900zMqJjRRixrwX3KX962/h/Wwjteg=
gitlab.com/ptami_lib/log/v2 v2.0.0-alpah2 h1:qMLwmafI+j5QJa4c3ErkGNeVvvPKlrfOZT+ctqnQk8s=
gitlab.com/ptami_lib/log/v2 v2.0.0-alpah2/go.mod h1:ZJRcVdn67OSGad4mtUwwzpmS40rJ4J1vpjIN1J636M0=
gitlab.com/ptami_lib/util v1.0.6/go.mod h1:h1XvH2pqoyCs2rErciznfIsSNWsbMw9npXxyr3bVxiw=
gitlab.com/ptami_lib/util v1.0.15 h1:GV4R8tK9jA5VhHrtpY4yad+wWAwotJ/HsBctqDHxHvk=
gitlab.com/ptami_lib/util v1.0.15/go.mod h1:0fNd7MgtnUNJEIYwJ1Nkgpcs9wDQbI/E9u7jwHJ2AMI=
golang.org/x/crypto v0.0.0-20190308221718-c2843e01d9a2/go.mod h1:djNgcEr1/C05ACkg1iLfiJU5Ep61QUkGW8qpdssI0+w=
golang.org/x/crypto v0.0.0-20190325154230-a5d413f7728c/go.mod h1:djNgcEr1/C05ACkg1iLfiJU5Ep61QUkGW8qpdssI0+w=
golang.org/x/crypto v0.0.0-20191205180655-e7c4368fe9dd/go.mod h1:LzIPMQfyMNhhGPhUkYOs5KpL4U8rLKemX1yGLhDgUto=
golang.org/x/net v0.0.0-20180218175443-cbe0f9307d01/go.mod h1:mL1N/T3taQHkDXs73rZJwtUhF3w3ftmwwsq0BUmARs4=
golang.org/x/net v0.0.0-20190404232315-eb5bcb51f2a3/go.mod h1:t9HGtf8HONx5eT2rtn7q6eTqICYqUVnKs3thJo3Qplg=
golang.org/x/net v0.0.0-20200202094626-16171245cfb2/go.mod h1:z5CRVTTTmAJ677TzLLGU+0bjPO0LkuOLi4/5GtJWs/s=
golang.org/x/net v0.0.0-20200324143707-d3edc9973b7e/go.mod h1:qpuaurCH72eLCgpAm/N6yyVIVM9cpaDIP3A8BGJEC5A=
golang.org/x/net v0.0.0-20210614182718-04defd469f4e/go.mod h1:9nx3DQGgdP8bBQD5qxJ1jj9UTztislL4KSBs9R2vV5Y=
golang.org/x/net v0.0.0-20211216030914-fe4d6282115f h1:hEYJvxw1lSnWIl8X9ofsYMklzaDs90JI2az5YMd4fPM=
golang.org/x/net v0.0.0-20211216030914-fe4d6282115f/go.mod h1:9nx3DQGgdP8bBQD5qxJ1jj9UTztislL4KSBs9R2vV5Y=
golang.org/x/sys v0.0.0-20190215142949-d0b11bdaac8a/go.mod h1:STP8DvDyc/dI5b8T5hshtkjS+E42TnysNCUPdjciGhY=
golang.org/x/sys v0.0.0-20190412213103-97732733099d/go.mod h1:h1NjWce9XRLGQEsW7wpKNCjG9DtNlClVuFLEZdDNbEs=
golang.org/x/sys v0.0.0-20200323222414-85ca7c5b95cd/go.mod h1:h1NjWce9XRLGQEsW7wpKNCjG9DtNlClVuFLEZdDNbEs=
golang.org/x/sys v0.0.0-20201119102817-f84b799fce68/go.mod h1:h1NjWce9XRLGQEsW7wpKNCjG9DtNlClVuFLEZdDNbEs=
golang.org/x/sys v0.0.0-20210423082822-04245dca01da/go.mod h1:h1NjWce9XRLGQEsW7wpKNCjG9DtNlClVuFLEZdDNbEs=
golang.org/x/term v0.0.0-20201126162022-7de9c90e9dd1/go.mod h1:bj7SfCRtBDWHUb9snDiAeCFNEtKQo2Wmx5Cou7ajbmo=
golang.org/x/text v0.3.0/go.mod h1:NqM8EUOU14njkJ3fqMW+pc6Ldnwhi/IjpwHt7yyuwOQ=
golang.org/x/text v0.3.6 h1:aRYxNxv6iGQlyVaZmk6ZgYEDa+Jg18DxebPSrd6bg1M=
golang.org/x/text v0.3.6/go.mod h1:5Zoc/QRtKVWzQhOtBMvqHzDpF6irO9z98xDceosuGiQ=
golang.org/x/tools v0.0.0-20180917221912-90fa682c2a6e/go.mod h1:n7NCudcB/nEzxVGmLbDWY5pfWTLqBcC2KZ6jyYvM4mQ=
golang.org/x/xerrors v0.0.0-20191204190536-9bdfabe68543/go.mod h1:I/5z698sn9Ka8TeJc9MKroUUfqBBauWjQqLJ2OPfmY0=
gopkg.in/check.v1 v0.0.0-20161208181325-20d25e280405/go.mod h1:Co6ibVJAznAaIkqp8huTwlJQCZ016jof/cbN4VW5Yz0=
gopkg.in/yaml.v2 v2.2.8 h1:obN1ZagJSUGI0Ek/LBmuj4SNLPfIny3KsKFopxRdj10=
gopkg.in/yaml.v2 v2.2.8/go.mod h1:hI93XBmqTisBFMUTm0b8Fm+jr3Dg1NNxqwp+5A1VGuI=
gopkg.in/yaml.v3 v3.0.0-20200313102051-9f266ea9e77c h1:dUUwHk2QECo/6vqA44rthZ8ie2QXMNeKRTHCNY2nXvo=
gopkg.in/yaml.v3 v3.0.0-20200313102051-9f266ea9e77c/go.mod h1:K4uyk7z7BCEPqu6E+C64Yfv1cQ7kz7rIZviUmN+EgEM=
